
Microsoft Visual Studio Solution File, Format Version 12.00
# Visual Studio Version 16
VisualStudioVersion = 16.6.30114.105
MinimumVisualStudioVersion = 10.0.40219.1
Project("{FAE04EC0-301F-11D3-BF4B-00C04F79EFBC}") = "API", "API\API.csproj", "{80843A3F-00E8-4798-81ED-0AE02DD7614A}"
EndProject
Project("{FAE04EC0-301F-11D3-BF4B-00C04F79EFBC}") = "Application", "Application\Application.csproj", "{25A0B512-9323-46A1-BE0E-3427D8C3A121}"
EndProject
Project("{FAE04EC0-301F-11D3-BF4B-00C04F79EFBC}") = "Persistence", "Persistence\Persistence.csproj", "{70ACC5BC-440A-4B80-9779-6BA6B65C61D5}"
EndProject
Project("{FAE04EC0-301F-11D3-BF4B-00C04F79EFBC}") = "Domain", "Domain\Domain.csproj", "{B0DEEFD2-FB0F-48A9-9C30-5E27D43DC4B5}"
EndProject
Global
	GlobalSection(SolutionConfigurationPlatforms) = preSolution
		Debug|Any CPU = Debug|Any CPU
		Debug|x64 = Debug|x64
		Debug|x86 = Debug|x86
		Release|Any CPU = Release|Any CPU
		Release|x64 = Release|x64
		Release|x86 = Release|x86
	EndGlobalSection
	GlobalSection(SolutionProperties) = preSolution
		HideSolutionNode = FALSE
	EndGlobalSection
	GlobalSection(ProjectConfigurationPlatforms) = postSolution
		{80843A3F-00E8-4798-81ED-0AE02DD7614A}.Debug|Any CPU.ActiveCfg = Debug|Any CPU
		{80843A3F-00E8-4798-81ED-0AE02DD7614A}.Debug|Any CPU.Build.0 = Debug|Any CPU
		{80843A3F-00E8-4798-81ED-0AE02DD7614A}.Debug|x64.ActiveCfg = Debug|Any CPU
		{80843A3F-00E8-4798-81ED-0AE02DD7614A}.Debug|x64.Build.0 = Debug|Any CPU
		{80843A3F-00E8-4798-81ED-0AE02DD7614A}.Debug|x86.ActiveCfg = Debug|Any CPU
		{80843A3F-00E8-4798-81ED-0AE02DD7614A}.Debug|x86.Build.0 = Debug|Any CPU
		{80843A3F-00E8-4798-81ED-0AE02DD7614A}.Release|Any CPU.ActiveCfg = Release|Any CPU
		{80843A3F-00E8-4798-81ED-0AE02DD7614A}.Release|Any CPU.Build.0 = Release|Any CPU
		{80843A3F-00E8-4798-81ED-0AE02DD7614A}.Release|x64.ActiveCfg = Release|Any CPU
		{80843A3F-00E8-4798-81ED-0AE02DD7614A}.Release|x64.Build.0 = Release|Any CPU
		{80843A3F-00E8-4798-81ED-0AE02DD7614A}.Release|x86.ActiveCfg = Release|Any CPU
		{80843A3F-00E8-4798-81ED-0AE02DD7614A}.Release|x86.Build.0 = Release|Any CPU
		{25A0B512-9323-46A1-BE0E-3427D8C3A121}.Debug|Any CPU.ActiveCfg = Debug|Any CPU
		{25A0B512-9323-46A1-BE0E-3427D8C3A121}.Debug|Any CPU.Build.0 = Debug|Any CPU
		{25A0B512-9323-46A1-BE0E-3427D8C3A121}.Debug|x64.ActiveCfg = Debug|Any CPU
		{25A0B512-9323-46A1-BE0E-3427D8C3A121}.Debug|x64.Build.0 = Debug|Any CPU
		{25A0B512-9323-46A1-BE0E-3427D8C3A121}.Debug|x86.ActiveCfg = Debug|Any CPU
		{25A0B512-9323-46A1-BE0E-3427D8C3A121}.Debug|x86.Build.0 = Debug|Any CPU
		{25A0B512-9323-46A1-BE0E-3427D8C3A121}.Release|Any CPU.ActiveCfg = Release|Any CPU
		{25A0B512-9323-46A1-BE0E-3427D8C3A121}.Release|Any CPU.Build.0 = Release|Any CPU
		{25A0B512-9323-46A1-BE0E-3427D8C3A121}.Release|x64.ActiveCfg = Release|Any CPU
		{25A0B512-9323-46A1-BE0E-3427D8C3A121}.Release|x64.Build.0 = Release|Any CPU
		{25A0B512-9323-46A1-BE0E-3427D8C3A121}.Release|x86.ActiveCfg = Release|Any CPU
		{25A0B512-9323-46A1-BE0E-3427D8C3A121}.Release|x86.Build.0 = Release|Any CPU
		{70ACC5BC-440A-4B80-9779-6BA6B65C61D5}.Debug|Any CPU.ActiveCfg = Debug|Any CPU
		{70ACC5BC-440A-4B80-9779-6BA6B65C61D5}.Debug|Any CPU.Build.0 = Debug|Any CPU
		{70ACC5BC-440A-4B80-9779-6BA6B65C61D5}.Debug|x64.ActiveCfg = Debug|Any CPU
		{70ACC5BC-440A-4B80-9779-6BA6B65C61D5}.Debug|x64.Build.0 = Debug|Any CPU
		{70ACC5BC-440A-4B80-9779-6BA6B65C61D5}.Debug|x86.ActiveCfg = Debug|Any CPU
		{70ACC5BC-440A-4B80-9779-6BA6B65C61D5}.Debug|x86.Build.0 = Debug|Any CPU
		{70ACC5BC-440A-4B80-9779-6BA6B65C61D5}.Release|Any CPU.ActiveCfg = Release|Any CPU
		{70ACC5BC-440A-4B80-9779-6BA6B65C61D5}.Release|Any CPU.Build.0 = Release|Any CPU
		{70ACC5BC-440A-4B80-9779-6BA6B65C61D5}.Release|x64.ActiveCfg = Release|Any CPU
		{70ACC5BC-440A-4B80-9779-6BA6B65C61D5}.Release|x64.Build.0 = Release|Any CPU
		{70ACC5BC-440A-4B80-9779-6BA6B65C61D5}.Release|x86.ActiveCfg = Release|Any CPU
		{70ACC5BC-440A-4B80-9779-6BA6B65C61D5}.Release|x86.Build.0 = Release|Any CPU
		{B0DEEFD2-FB0F-48A9-9C30-5E27D43DC4B5}.Debug|Any CPU.ActiveCfg = Debug|Any CPU
		{B0DEEFD2-FB0F-48A9-9C30-5E27D43DC4B5}.Debug|Any CPU.Build.0 = Debug|Any CPU
		{B0DEEFD2-FB0F-48A9-9C30-5E27D43DC4B5}.Debug|x64.ActiveCfg = Debug|Any CPU
		{B0DEEFD2-FB0F-48A9-9C30-5E27D43DC4B5}.Debug|x64.Build.0 = Debug|Any CPU
		{B0DEEFD2-FB0F-48A9-9C30-5E27D43DC4B5}.Debug|x86.ActiveCfg = Debug|Any CPU
		{B0DEEFD2-FB0F-48A9-9C30-5E27D43DC4B5}.Debug|x86.Build.0 = Debug|Any CPU
		{B0DEEFD2-FB0F-48A9-9C30-5E27D43DC4B5}.Release|Any CPU.ActiveCfg = Release|Any CPU
		{B0DEEFD2-FB0F-48A9-9C30-5E27D43DC4B5}.Release|Any CPU.Build.0 = Release|Any CPU
		{B0DEEFD2-FB0F-48A9-9C30-5E27D43DC4B5}.Release|x64.ActiveCfg = Release|Any CPU
		{B0DEEFD2-FB0F-48A9-9C30-5E27D43DC4B5}.Release|x64.Build.0 = Release|Any CPU
		{B0DEEFD2-FB0F-48A9-9C30-5E27D43DC4B5}.Release|x86.ActiveCfg = Release|Any CPU
		{B0DEEFD2-FB0F-48A9-9C30-5E27D43DC4B5}.Release|x86.Build.0 = Release|Any CPU
	EndGlobalSection
EndGlobal
